<?xml version="1.0" encoding="utf-8"?>
<Project ToolsVersion="4.0" xmlns="http://schemas.microsoft.com/developer/msbuild/2003">
  <ItemGroup>
    <Filter Include="Framework">
      <UniqueIdentifier>{1eb4f2a5-9ae7-41ca-a952-17fec127a14e}</UniqueIdentifier>
    </Filter>
    <Filter Include="ServerLib">
      <UniqueIdentifier>{345ac32d-cfe8-4276-bf8a-06139cf8b084}</UniqueIdentifier>
    </Filter>
    <Filter Include="WindowUI">
      <UniqueIdentifier>{d13743c8-39d1-4a51-b17c-6a50fd03c5ba}</UniqueIdentifier>
    </Filter>
    <Filter Include="Framework\Log">
      <UniqueIdentifier>{955e9ae8-4f1b-4b37-915b-11e630be02e1}</UniqueIdentifier>
    </Filter>
    <Filter Include="Framework\header">
      <UniqueIdentifier>{0ec37b5b-7944-4e2c-958d-4b2e7bac3d88}</UniqueIdentifier>
    </Filter>
    <Filter Include="ServerLib\Thread">
      <UniqueIdentifier>{63e534cf-f503-4712-95ae-9a6d46076589}</UniqueIdentifier>
    </Filter>
    <Filter Include="ServerLib\Network">
      <UniqueIdentifier>{d145bd93-88c2-46a3-b720-29081f0e5076}</UniqueIdentifier>
    </Filter>
    <Filter Include="ServerLib\Network\Iocp">
      <UniqueIdentifier>{b062e99d-be02-4f05-b7e1-4c6bf20648bf}</UniqueIdentifier>
    </Filter>
    <Filter Include="ServerLib\Network\Packet">
      <UniqueIdentifier>{f6163b56-c159-4160-b1f1-23cb628af53f}</UniqueIdentifier>
    </Filter>
    <Filter Include="ServerLib\Memory">
      <UniqueIdentifier>{d84ee8d9-af6d-4ad0-b4a1-7b0bbcd00406}</UniqueIdentifier>
    </Filter>
    <Filter Include="ServerLib\Network\Iocp\Netowork">
      <UniqueIdentifier>{5b3f44f9-1b21-4fc5-9fae-6c00f67f2eb4}</UniqueIdentifier>
    </Filter>
    <Filter Include="ServerLib\Network\Iocp\Overlapped">
      <UniqueIdentifier>{79f72133-5128-45c3-84fb-8d1eeb54b222}</UniqueIdentifier>
    </Filter>
    <Filter Include="Framework\Contents">
      <UniqueIdentifier>{1c750902-aef0-42ad-8720-eeada2efde93}</UniqueIdentifier>
    </Filter>
    <Filter Include="ServerLib\Network\Iocp\Netowork\Interface">
      <UniqueIdentifier>{6c649662-a7bc-4d69-922a-a9bd818c1093}</UniqueIdentifier>
    </Filter>
    <Filter Include="ServerLib\Network\Iocp\Netowork\Object">
      <UniqueIdentifier>{a0afefed-0e6f-4d1f-b942-2b45819f1a3a}</UniqueIdentifier>
    </Filter>
    <Filter Include="WindowUI\리소스 파일">
      <UniqueIdentifier>{67DA6AB6-F800-4c08-8B7A-83BB121AAD01}</UniqueIdentifier>
      <Extensions>rc;ico;cur;bmp;dlg;rc2;rct;bin;rgs;gif;jpg;jpeg;jpe;resx;tiff;tif;png;wav;mfcribbon-ms</Extensions>
    </Filter>
    <Filter Include="Protocol">
      <UniqueIdentifier>{170c91f9-5ab5-41a6-84a0-d5266fa8b941}</UniqueIdentifier>
    </Filter>
    <Filter Include="Protocol\FlatBuffers">
      <UniqueIdentifier>{9f98ec15-0866-4c2c-845e-6ab949cb03eb}</UniqueIdentifier>
    </Filter>
    <Filter Include="Protocol\FlatBuffers\bat">
      <UniqueIdentifier>{60021c15-bb6e-4a40-a69f-e10c57931280}</UniqueIdentifier>
    </Filter>
    <Filter Include="Framework\Contents\Util">
      <UniqueIdentifier>{64e9dee7-38e7-493f-b473-5d76e5782034}</UniqueIdentifier>
    </Filter>
    <Filter Include="Framework\Contents\RoomSession">
      <UniqueIdentifier>{2fc588fa-255d-4f5e-8eb7-e3bb924c381a}</UniqueIdentifier>
    </Filter>
    <Filter Include="Framework\Contents\Component">
      <UniqueIdentifier>{668a7e04-28dc-40d3-bf72-ffd6cfee81f0}</UniqueIdentifier>
    </Filter>
    <Filter Include="Framework\Contents\DataBase">
      <UniqueIdentifier>{50b7bc6c-299f-4f96-bdac-e540524dc812}</UniqueIdentifier>
    </Filter>
    <Filter Include="Framework\Contents\DataBase\Controller">
      <UniqueIdentifier>{390a26b6-da89-43b8-bb91-50864395f60d}</UniqueIdentifier>
    </Filter>
    <Filter Include="Framework\Contents\DataBase\Item">
      <UniqueIdentifier>{ce7b2706-c1bd-4f30-88ab-c91c584e80df}</UniqueIdentifier>
    </Filter>
    <Filter Include="Framework\Contents\DataBase\Item\Weapon">
      <UniqueIdentifier>{b2f8e64c-49b9-419a-bb1e-38eb93ec0a77}</UniqueIdentifier>
    </Filter>
    <Filter Include="Framework\Contents\DataBase\Object">
      <UniqueIdentifier>{d3338ba7-db3e-4241-8ca9-5edc37d6fb33}</UniqueIdentifier>
    </Filter>
    <Filter Include="Framework\Contents\GameWorld">
      <UniqueIdentifier>{e2f4aa8c-b36e-4d71-98c5-36ff23a10050}</UniqueIdentifier>
    </Filter>
    <Filter Include="Framework\Contents\GameWorld\Monster">
      <UniqueIdentifier>{b51a25f6-c8db-4978-bbc5-0f90db76d644}</UniqueIdentifier>
    </Filter>
    <Filter Include="Framework\Contents\GameWorld\Player">
      <UniqueIdentifier>{4811be1a-dfad-4756-8c37-550bb6485a6e}</UniqueIdentifier>
    </Filter>
    <Filter Include="Framework\Contents\GameWorld\AI">
      <UniqueIdentifier>{17f18d8d-748f-4c4b-af77-53b57c852145}</UniqueIdentifier>
    </Filter>
    <Filter Include="Framework\Contents\GameWorld\Entity">
      <UniqueIdentifier>{1fcbed1a-5161-404c-995c-9b7c49530933}</UniqueIdentifier>
    </Filter>
    <Filter Include="Framework\Contents\GameWorld\Sector">
      <UniqueIdentifier>{78fdcfc7-5a69-46f6-8980-01f4a8b25a01}</UniqueIdentifier>
    </Filter>
    <Filter Include="Framework\Contents\Timer">
      <UniqueIdentifier>{95021a95-cafd-4b34-ae31-272139c4d660}</UniqueIdentifier>
    </Filter>
    <Filter Include="Framework\Contents\Overlapped">
      <UniqueIdentifier>{3a86838a-bbaf-447c-9939-fba4efcb018c}</UniqueIdentifier>
    </Filter>
    <Filter Include="Framework\Contents\GameWorld\Bullet">
      <UniqueIdentifier>{ba52d05e-4e9f-4704-bebd-c0eff70ab658}</UniqueIdentifier>
    </Filter>
    <Filter Include="Framework\Contents\GameWorld\Controller">
      <UniqueIdentifier>{f6d1a6c5-9583-462a-b2d2-76cefbb205d5}</UniqueIdentifier>
    </Filter>
    <Filter Include="Framework\Contents\GameWorld\Resource">
      <UniqueIdentifier>{16f275fe-ca93-4106-a56c-4e35b19fa46a}</UniqueIdentifier>
    </Filter>
  </ItemGroup>
  <ItemGroup>
    <ClInclude Include="Framework.h">
      <Filter>Framework</Filter>
    </ClInclude>
    <ClInclude Include="Resource.h">
      <Filter>Framework\header</Filter>
    </ClInclude>
    <ClInclude Include="WindowUI\WindowUI.h">
      <Filter>WindowUI</Filter>
    </ClInclude>
    <ClInclude Include="ServerLib\ThreadManager.h">
      <Filter>ServerLib\Thread</Filter>
    </ClInclude>
    <ClInclude Include="ServerLib\OverlappedObject.h">
      <Filter>ServerLib\Network\Iocp\Overlapped</Filter>
    </ClInclude>
    <ClInclude Include="ServerLib\SocketData.h">
      <Filter>ServerLib\Network\Iocp\Netowork</Filter>
    </ClInclude>
    <ClInclude Include="pch.h">
      <Filter>Framework\header</Filter>
    </ClInclude>
    <ClInclude Include="ServerLib\UtilityMacro.h">
      <Filter>Framework\header</Filter>
    </ClInclude>
    <ClInclude Include="ServerLib\PacketRecvBuf.h">
      <Filter>ServerLib\Network\Packet</Filter>
    </ClInclude>
    <ClInclude Include="ServerLib\PacketSendBuf.h">
      <Filter>ServerLib\Network\Packet</Filter>
    </ClInclude>
    <ClInclude Include="ServerLib\NetworkManager.h">
      <Filter>ServerLib\Network\Iocp\Netowork</Filter>
    </ClInclude>
    <ClInclude Include="ServerLib\NetworkHeaders.h">
      <Filter>ServerLib\Network\Iocp\Netowork</Filter>
    </ClInclude>
    <ClInclude Include="ServerLib\SListMemoryPool.h">
      <Filter>ServerLib\Memory</Filter>
    </ClInclude>
    <ClInclude Include="ServerLib\ClientNetwork.h">
      <Filter>ServerLib\Network\Iocp\Netowork\Interface</Filter>
    </ClInclude>
    <ClInclude Include="ServerLib\ServerNetwork.h">
      <Filter>ServerLib\Network\Iocp\Netowork\Interface</Filter>
    </ClInclude>
    <ClInclude Include="ServerLib\NetworkInterface.h">
      <Filter>ServerLib\Network\Iocp\Netowork\Interface</Filter>
    </ClInclude>
    <ClInclude Include="ServerLib\MemoryManager.h">
      <Filter>ServerLib\Memory</Filter>
    </ClInclude>
    <ClInclude Include="Contents\LogManager.h">
      <Filter>Framework\Log</Filter>
    </ClInclude>
    <ClInclude Include="ServerLib\Lock.h" />
    <ClInclude Include="Protocol\Struct_generated.h">
      <Filter>Protocol\FlatBuffers</Filter>
    </ClInclude>
    <ClInclude Include="Protocol\Transform_generated.h">
      <Filter>Protocol\FlatBuffers</Filter>
    </ClInclude>
    <ClInclude Include="Protocol\Enum_generated.h">
      <Filter>Protocol\FlatBuffers</Filter>
    </ClInclude>
    <ClInclude Include="Protocol\FBProtocol_generated.h">
      <Filter>Protocol\FlatBuffers</Filter>
    </ClInclude>
    <ClInclude Include="ServerLib\SendBuffersFactory.h">
      <Filter>ServerLib\Network\Packet</Filter>
    </ClInclude>
    <ClInclude Include="Protocol\FBsPacketFactory.h">
      <Filter>Protocol</Filter>
    </ClInclude>
    <ClInclude Include="ServerLib\Listener.h">
      <Filter>ServerLib\Network\Iocp\Netowork\Object</Filter>
    </ClInclude>
    <ClInclude Include="ServerLib\NetworkObject.h">
      <Filter>ServerLib\Network\Iocp\Netowork\Object</Filter>
    </ClInclude>
    <ClInclude Include="ServerLib\Session.h">
      <Filter>ServerLib\Network\Iocp\Netowork\Object</Filter>
    </ClInclude>
    <ClInclude Include="ServerLib\SessionController.h">
      <Filter>ServerLib\Network\Iocp\Netowork\Object</Filter>
    </ClInclude>
    <ClInclude Include="ServerLib\PacketHeader.h">
      <Filter>ServerLib\Network\Packet</Filter>
    </ClInclude>
    <ClInclude Include="Contents\Util\DwordOverloader.h">
      <Filter>Framework\Contents\Util</Filter>
    </ClInclude>
    <ClInclude Include="Contents\Util\SimpleMath.h">
      <Filter>Framework\Contents\Util</Filter>
    </ClInclude>
    <ClInclude Include="Contents\Util\Common.h">
      <Filter>Framework\Contents\Util</Filter>
    </ClInclude>
    <ClInclude Include="Contents\GameRoom.h">
      <Filter>Framework\Contents\RoomSession</Filter>
    </ClInclude>
    <ClInclude Include="Contents\GameSession.h">
      <Filter>Framework\Contents\RoomSession</Filter>
    </ClInclude>
    <ClInclude Include="Contents\GameManager.h">
      <Filter>Framework\Contents\RoomSession</Filter>
    </ClInclude>
    <ClInclude Include="Contents\Key.h">
      <Filter>Framework\Contents\Util</Filter>
    </ClInclude>
    <ClInclude Include="Contents\DBController.h">
      <Filter>Framework\Contents\DataBase\Controller</Filter>
    </ClInclude>
    <ClInclude Include="Contents\DB_Item.h">
      <Filter>Framework\Contents\DataBase\Item</Filter>
    </ClInclude>
    <ClInclude Include="Contents\DB_Weapon.h">
      <Filter>Framework\Contents\DataBase\Item\Weapon</Filter>
    </ClInclude>
    <ClInclude Include="Contents\DB_Inventory.h">
      <Filter>Framework\Contents\DataBase\Item</Filter>
    </ClInclude>
    <ClInclude Include="Contents\GameMonster.h">
      <Filter>Framework\Contents\GameWorld\Monster</Filter>
    </ClInclude>
    <ClInclude Include="Contents\GamePlayer.h">
      <Filter>Framework\Contents\GameWorld\Player</Filter>
    </ClInclude>
    <ClInclude Include="Contents\AStarPath.h">
      <Filter>Framework\Contents\GameWorld\AI</Filter>
    </ClInclude>
    <ClInclude Include="Contents\DB_Monster.h">
      <Filter>Framework\Contents\DataBase\Object</Filter>
    </ClInclude>
    <ClInclude Include="Contents\DB_NPC.h">
      <Filter>Framework\Contents\DataBase\Object</Filter>
    </ClInclude>
    <ClInclude Include="Contents\DB_Player.h">
      <Filter>Framework\Contents\DataBase\Object</Filter>
    </ClInclude>
    <ClInclude Include="Contents\Monster_Ursacetus.h">
      <Filter>Framework\Contents\GameWorld\Monster</Filter>
    </ClInclude>
    <ClInclude Include="Contents\GameEntity.h">
      <Filter>Framework\Contents\GameWorld\Entity</Filter>
    </ClInclude>
    <ClInclude Include="Contents\GameObject.h">
      <Filter>Framework\Contents\GameWorld\Entity</Filter>
    </ClInclude>
    <ClInclude Include="Contents\GameWorld.h">
      <Filter>Framework\Contents\GameWorld</Filter>
    </ClInclude>
    <ClInclude Include="Contents\TimeManager.h">
      <Filter>Framework\Contents\Timer</Filter>
    </ClInclude>
    <ClInclude Include="Contents\GameOverlapped.h">
      <Filter>Framework\Contents\Overlapped</Filter>
    </ClInclude>
    <ClInclude Include="Contents\Transform.h">
      <Filter>Framework\Contents\Component</Filter>
    </ClInclude>
    <ClInclude Include="Contents\NPCController.h">
      <Filter>Framework\Contents\GameWorld\Controller</Filter>
    </ClInclude>
    <ClInclude Include="Contents\PlayerController.h">
      <Filter>Framework\Contents\GameWorld\Controller</Filter>
    </ClInclude>
    <ClInclude Include="SectorController.h">
      <Filter>Framework\Contents\GameWorld\Controller</Filter>
    </ClInclude>
    <ClInclude Include="Contents\Sector.h">
      <Filter>Framework\Contents\GameWorld\Sector</Filter>
    </ClInclude>
    <ClInclude Include="Contents\GameBullet.h">
      <Filter>Framework\Contents\GameWorld\Bullet</Filter>
    </ClInclude>
    <ClInclude Include="Contents\ResourceManager.h">
      <Filter>Framework\Contents\GameWorld\Resource</Filter>
    </ClInclude>
  </ItemGroup>
  <ItemGroup>
    <ClCompile Include="Framework.cpp">
      <Filter>Framework</Filter>
    </ClCompile>
    <ClCompile Include="WindowUI\WindowUI.cpp">
      <Filter>WindowUI</Filter>
    </ClCompile>
    <ClCompile Include="ServerLib\ThreadManager.cpp">
      <Filter>ServerLib\Thread</Filter>
    </ClCompile>
    <ClCompile Include="ServerLib\OverlappedObject.cpp">
      <Filter>ServerLib\Network\Iocp\Overlapped</Filter>
    </ClCompile>
    <ClCompile Include="ServerLib\SocketData.cpp">
      <Filter>ServerLib\Network\Iocp\Netowork</Filter>
    </ClCompile>
    <ClCompile Include="pch.cpp">
      <Filter>Framework\header</Filter>
    </ClCompile>
    <ClCompile Include="ServerLib\PacketRecvBuf.cpp">
      <Filter>ServerLib\Network\Packet</Filter>
    </ClCompile>
    <ClCompile Include="ServerLib\PacketSendBuf.cpp">
      <Filter>ServerLib\Network\Packet</Filter>
    </ClCompile>
    <ClCompile Include="ServerLib\SListMemoryPool.cpp">
      <Filter>ServerLib\Memory</Filter>
    </ClCompile>
    <ClCompile Include="ServerLib\ClientNetwork.cpp">
      <Filter>ServerLib\Network\Iocp\Netowork\Interface</Filter>
    </ClCompile>
    <ClCompile Include="ServerLib\ServerNetwork.cpp">
      <Filter>ServerLib\Network\Iocp\Netowork\Interface</Filter>
    </ClCompile>
    <ClCompile Include="ServerLib\NetworkManager.cpp">
      <Filter>ServerLib\Network\Iocp\Netowork</Filter>
    </ClCompile>
    <ClCompile Include="ServerLib\NetworkInterface.cpp">
      <Filter>ServerLib\Network\Iocp\Netowork\Interface</Filter>
    </ClCompile>
    <ClCompile Include="ServerLib\MemoryManager.cpp">
      <Filter>ServerLib\Memory</Filter>
    </ClCompile>
    <ClCompile Include="Contents\LogManager.cpp">
      <Filter>Framework\Log</Filter>
    </ClCompile>
    <ClCompile Include="ServerLib\Lock.cpp" />
    <ClCompile Include="ServerLib\SendBuffersFactory.cpp">
      <Filter>ServerLib\Network\Packet</Filter>
    </ClCompile>
    <ClCompile Include="Protocol\FBsPacketFactory.cpp">
      <Filter>Protocol</Filter>
    </ClCompile>
    <ClCompile Include="ServerLib\Listener.cpp">
      <Filter>ServerLib\Network\Iocp\Netowork\Object</Filter>
    </ClCompile>
    <ClCompile Include="ServerLib\NetworkObject.cpp">
      <Filter>ServerLib\Network\Iocp\Netowork\Object</Filter>
    </ClCompile>
    <ClCompile Include="ServerLib\Session.cpp">
      <Filter>ServerLib\Network\Iocp\Netowork\Object</Filter>
    </ClCompile>
    <ClCompile Include="ServerLib\SessionController.cpp">
      <Filter>ServerLib\Network\Iocp\Netowork\Object</Filter>
    </ClCompile>
    <ClCompile Include="ServerLib\PacketHeader.cpp">
      <Filter>ServerLib\Network\Packet</Filter>
    </ClCompile>
    <ClCompile Include="main.cpp">
      <Filter>Framework</Filter>
    </ClCompile>
    <ClCompile Include="Contents\GameRoom.cpp">
      <Filter>Framework\Contents\RoomSession</Filter>
    </ClCompile>
    <ClCompile Include="Contents\GameSession.cpp">
      <Filter>Framework\Contents\RoomSession</Filter>
    </ClCompile>
    <ClCompile Include="Contents\GameManager.cpp">
      <Filter>Framework\Contents\RoomSession</Filter>
    </ClCompile>
    <ClCompile Include="Contents\Key.cpp">
      <Filter>Framework\Contents\Util</Filter>
    </ClCompile>
    <ClCompile Include="Contents\DBController.cpp">
      <Filter>Framework\Contents\DataBase\Controller</Filter>
    </ClCompile>
    <ClCompile Include="Contents\DB_Item.cpp">
      <Filter>Framework\Contents\DataBase\Item</Filter>
    </ClCompile>
    <ClCompile Include="Contents\DB_Weapon.cpp">
      <Filter>Framework\Contents\DataBase\Item\Weapon</Filter>
    </ClCompile>
    <ClCompile Include="Contents\DB_Inventory.cpp">
      <Filter>Framework\Contents\DataBase\Item</Filter>
    </ClCompile>
    <ClCompile Include="Contents\GameMonster.cpp">
      <Filter>Framework\Contents\GameWorld\Monster</Filter>
    </ClCompile>
    <ClCompile Include="Contents\GamePlayer.cpp">
      <Filter>Framework\Contents\GameWorld\Player</Filter>
    </ClCompile>
    <ClCompile Include="Contents\AStarPath.cpp">
      <Filter>Framework\Contents\GameWorld\AI</Filter>
    </ClCompile>
    <ClCompile Include="Contents\DB_Monster.cpp">
      <Filter>Framework\Contents\DataBase\Object</Filter>
    </ClCompile>
    <ClCompile Include="Contents\DB_NPC.cpp">
      <Filter>Framework\Contents\DataBase\Object</Filter>
    </ClCompile>
    <ClCompile Include="Contents\DB_Player.cpp">
      <Filter>Framework\Contents\DataBase\Object</Filter>
    </ClCompile>
    <ClCompile Include="Contents\Monster_Ursacetus.cpp">
      <Filter>Framework\Contents\GameWorld\Monster</Filter>
    </ClCompile>
    <ClCompile Include="Contents\GameEntity.cpp">
      <Filter>Framework\Contents\GameWorld\Entity</Filter>
    </ClCompile>
    <ClCompile Include="Contents\GameObject.cpp">
      <Filter>Framework\Contents\GameWorld\Entity</Filter>
    </ClCompile>
    <ClCompile Include="Contents\GameWorld.cpp">
      <Filter>Framework\Contents\GameWorld</Filter>
    </ClCompile>
    <ClCompile Include="Contents\TimeManager.cpp">
      <Filter>Framework\Contents\Timer</Filter>
    </ClCompile>
    <ClCompile Include="Contents\Transform.cpp">
      <Filter>Framework\Contents\Component</Filter>
    </ClCompile>
    <ClCompile Include="Contents\NPCController.cpp">
      <Filter>Framework\Contents\GameWorld\Controller</Filter>
    </ClCompile>
    <ClCompile Include="Contents\PlayerController.cpp">
      <Filter>Framework\Contents\GameWorld\Controller</Filter>
    </ClCompile>
    <ClCompile Include="SectorController.cpp">
      <Filter>Framework\Contents\GameWorld\Controller</Filter>
    </ClCompile>
    <ClCompile Include="Contents\Sector.cpp">
      <Filter>Framework\Contents\GameWorld\Sector</Filter>
    </ClCompile>
    <ClCompile Include="Contents\GameBullet.cpp">
      <Filter>Framework\Contents\GameWorld\Bullet</Filter>
    </ClCompile>
    <ClCompile Include="Contents\ResourceManager.cpp">
      <Filter>Framework\Contents\GameWorld\Resource</Filter>
    </ClCompile>
  </ItemGroup>
  <ItemGroup>
    <ResourceCompile Include="XMachinaServer.rc">
      <Filter>WindowUI\리소스 파일</Filter>
    </ResourceCompile>
  </ItemGroup>
  <ItemGroup>
    <Image Include="small.ico">
      <Filter>WindowUI\리소스 파일</Filter>
    </Image>
    <Image Include="XMachinaServer.ico">
      <Filter>WindowUI\리소스 파일</Filter>
    </Image>
  </ItemGroup>
  <ItemGroup>
    <None Include="Protocol\FBProtocol.fbs">
      <Filter>Protocol\FlatBuffers</Filter>
    </None>
    <None Include="Protocol\Struct.fbs">
      <Filter>Protocol\FlatBuffers</Filter>
    </None>
    <None Include="Protocol\Transform.fbs">
      <Filter>Protocol\FlatBuffers</Filter>
    </None>
    <None Include="Protocol\Enum.fbs">
      <Filter>Protocol\FlatBuffers</Filter>
    </None>
    <None Include="Protocol\GenFlatBuffersHeader.bat">
      <Filter>Protocol\FlatBuffers\bat</Filter>
    </None>
    <None Include="Contents\Util\SimpleMath.inl">
      <Filter>Framework\Contents\Util</Filter>
    </None>
  </ItemGroup>
</Project>